
Microsoft Visual Studio Solution File, Format Version 12.00
# Visual Studio Version 17
VisualStudioVersion = 17.11.35312.102
MinimumVisualStudioVersion = 10.0.40219.1
Project("{FAE04EC0-301F-11D3-BF4B-00C04F79EFBC}") = "MediatrFluentValidation", "MediatrFluentValidation.csproj", "{C2DF76AE-EBA2-4F9D-A704-DB3D68535A4A}"
EndProject
Project("{FAE04EC0-301F-11D3-BF4B-00C04F79EFBC}") = "MediatrFluentValidation.Aplicacao", "..\MediatrFluentValidation.Aplicacao\MediatrFluentValidation.Aplicacao.csproj", "{2F9FB89B-8CE7-46E0-B92F-75F42C544C25}"
EndProject
Global
	GlobalSection(SolutionConfigurationPlatforms) = preSolution
		Debug|Any CPU = Debug|Any CPU
		Release|Any CPU = Release|Any CPU
	EndGlobalSection
	GlobalSection(ProjectConfigurationPlatforms) = postSolution
		{C2DF76AE-EBA2-4F9D-A704-DB3D68535A4A}.Debug|Any CPU.ActiveCfg = Debug|Any CPU
		{C2DF76AE-EBA2-4F9D-A704-DB3D68535A4A}.Debug|Any CPU.Build.0 = Debug|Any CPU
		{C2DF76AE-EBA2-4F9D-A704-DB3D68535A4A}.Release|Any CPU.ActiveCfg = Release|Any CPU
		{C2DF76AE-EBA2-4F9D-A704-DB3D68535A4A}.Release|Any CPU.Build.0 = Release|Any CPU
		{2F9FB89B-8CE7-46E0-B92F-75F42C544C25}.Debug|Any CPU.ActiveCfg = Debug|Any CPU
		{2F9FB89B-8CE7-46E0-B92F-75F42C544C25}.Debug|Any CPU.Build.0 = Debug|Any CPU
		{2F9FB89B-8CE7-46E0-B92F-75F42C544C25}.Release|Any CPU.ActiveCfg = Release|Any CPU
		{2F9FB89B-8CE7-46E0-B92F-75F42C544C25}.Release|Any CPU.Build.0 = Release|Any CPU
	EndGlobalSection
	GlobalSection(SolutionProperties) = preSolution
		HideSolutionNode = FALSE
	EndGlobalSection
	GlobalSection(ExtensibilityGlobals) = postSolution
		SolutionGuid = {072EBBDE-0EA5-41D6-914A-63812E151D75}
	EndGlobalSection
EndGlobal
